{
  "name": "UI",
  "lockfileVersion": 2,
  "requires": true,
  "packages": {
    "": {
      "dependencies": {
        "graph": "^0.2.0"
      }
    },
    "node_modules/graph": {
      "version": "0.2.0",
      "resolved": "https://registry.npmjs.org/graph/-/graph-0.2.0.tgz",
      "integrity": "sha512-JABlOLcRKDylHil7DonITryjN8EyMwjzfOVwuUq0UaOK+fnR+cYJ2j5dS4YP+d1QPXQ9LNdL1yYJA8I1B77E1w==",
      "engines": {
        "jsc": "*",
        "narwhal": "*",
        "node": "*",
        "ringo": "*"
      }
    }
  },
  "dependencies": {
    "graph": {
      "version": "0.2.0",
      "resolved": "https://registry.npmjs.org/graph/-/graph-0.2.0.tgz",
      "integrity": "sha512-JABlOLcRKDylHil7DonITryjN8EyMwjzfOVwuUq0UaOK+fnR+cYJ2j5dS4YP+d1QPXQ9LNdL1yYJA8I1B77E1w=="
    }
  }
}
